
Microsoft Visual Studio Solution File, Format Version 12.00
# Visual Studio Version 16
VisualStudioVersion = 16.0.30611.23
MinimumVisualStudioVersion = 10.0.40219.1
Project("{FAE04EC0-301F-11D3-BF4B-00C04F79EFBC}") = "WpfApp3frmBookBon3", "WpfApp3frmBookBon3\WpfApp3frmBookBon3.csproj", "{CC275217-116F-4324-9864-F60EEF7B0213}"
EndProject
Global
	GlobalSection(SolutionConfigurationPlatforms) = preSolution
		Debug|Any CPU = Debug|Any CPU
		Release|Any CPU = Release|Any CPU
	EndGlobalSection
	GlobalSection(ProjectConfigurationPlatforms) = postSolution
		{CC275217-116F-4324-9864-F60EEF7B0213}.Debug|Any CPU.ActiveCfg = Debug|Any CPU
		{CC275217-116F-4324-9864-F60EEF7B0213}.Debug|Any CPU.Build.0 = Debug|Any CPU
		{CC275217-116F-4324-9864-F60EEF7B0213}.Release|Any CPU.ActiveCfg = Release|Any CPU
		{CC275217-116F-4324-9864-F60EEF7B0213}.Release|Any CPU.Build.0 = Release|Any CPU
	EndGlobalSection
	GlobalSection(SolutionProperties) = preSolution
		HideSolutionNode = FALSE
	EndGlobalSection
	GlobalSection(ExtensibilityGlobals) = postSolution
		SolutionGuid = {009C8EEA-245F-47E2-B0BA-BD18F4475290}
	EndGlobalSection
EndGlobal
